PODS:
  - cocoapods-private-pod (0.0.2)

DEPENDENCIES:
  - cocoapods-private-pod

SPEC REPOS:
  https://github.com/an-organization-created-for-testing/cocoapods-private-spec.git:
    - cocoapods-private-pod

SPEC CHECKSUMS:
  cocoapods-private-pod: 1b00c80ed247bb0a8b545f8ac51a3d1e09618599

PODFILE CHECKSUM: ef40691cf2a9c7856e87d0c5f0e41c3c25f15924

COCOAPODS: 1.11.0.beta.2
